
Microsoft Visual Studio Solution File, Format Version 12.00
# Visual Studio Version 17
VisualStudioVersion = 17.5.33530.505
MinimumVisualStudioVersion = 10.0.40219.1
Project("{FAE04EC0-301F-11D3-BF4B-00C04F79EFBC}") = "ProyectoFinal", "ProyectoFinal\ProyectoFinal.csproj", "{2166C652-B243-462D-A138-4E836CF0B7D0}"
EndProject
Global
	GlobalSection(SolutionConfigurationPlatforms) = preSolution
		Debug|Any CPU = Debug|Any CPU
		Release|Any CPU = Release|Any CPU
	EndGlobalSection
	GlobalSection(ProjectConfigurationPlatforms) = postSolution
		{2166C652-B243-462D-A138-4E836CF0B7D0}.Debug|Any CPU.ActiveCfg = Debug|Any CPU
		{2166C652-B243-462D-A138-4E836CF0B7D0}.Debug|Any CPU.Build.0 = Debug|Any CPU
		{2166C652-B243-462D-A138-4E836CF0B7D0}.Release|Any CPU.ActiveCfg = Release|Any CPU
		{2166C652-B243-462D-A138-4E836CF0B7D0}.Release|Any CPU.Build.0 = Release|Any CPU
	EndGlobalSection
	GlobalSection(SolutionProperties) = preSolution
		HideSolutionNode = FALSE
	EndGlobalSection
	GlobalSection(ExtensibilityGlobals) = postSolution
		SolutionGuid = {BA46E8BC-0F11-4A50-8839-C3E2A3F42A21}
	EndGlobalSection
EndGlobal
